
Microsoft Visual Studio Solution File, Format Version 12.00
# Visual Studio Version 17
VisualStudioVersion = 17.6.33717.318
MinimumVisualStudioVersion = 10.0.40219.1
Project("{FAE04EC0-301F-11D3-BF4B-00C04F79EFBC}") = "MockApi", "MockApi\MockApi.csproj", "{A5B360ED-E8FD-49BF-9923-8A1A3F99F4F0}"
EndProject
Global
	GlobalSection(SolutionConfigurationPlatforms) = preSolution
		Debug|Any CPU = Debug|Any CPU
		Release|Any CPU = Release|Any CPU
	EndGlobalSection
	GlobalSection(ProjectConfigurationPlatforms) = postSolution
		{A5B360ED-E8FD-49BF-9923-8A1A3F99F4F0}.Debug|Any CPU.ActiveCfg = Debug|Any CPU
		{A5B360ED-E8FD-49BF-9923-8A1A3F99F4F0}.Debug|Any CPU.Build.0 = Debug|Any CPU
		{A5B360ED-E8FD-49BF-9923-8A1A3F99F4F0}.Release|Any CPU.ActiveCfg = Release|Any CPU
		{A5B360ED-E8FD-49BF-9923-8A1A3F99F4F0}.Release|Any CPU.Build.0 = Release|Any CPU
	EndGlobalSection
	GlobalSection(SolutionProperties) = preSolution
		HideSolutionNode = FALSE
	EndGlobalSection
	GlobalSection(ExtensibilityGlobals) = postSolution
		SolutionGuid = {9FDA9B69-C136-4EDB-BAC5-D2A2C5032A1C}
	EndGlobalSection
EndGlobal
